
Microsoft Visual Studio Solution File, Format Version 12.00
# Visual Studio Version 17
VisualStudioVersion = 17.8.34330.188
MinimumVisualStudioVersion = 10.0.40219.1
Project("{8BC9CEB8-8B4A-11D0-8D11-00A0C91BC942}") = "图邻接表", "图邻接表\图邻接表.vcxproj", "{70682DF6-DBE9-4A7D-AD1B-EEA722B75241}"
EndProject
Global
	GlobalSection(SolutionConfigurationPlatforms) = preSolution
		Debug|x64 = Debug|x64
		Debug|x86 = Debug|x86
		Release|x64 = Release|x64
		Release|x86 = Release|x86
	EndGlobalSection
	GlobalSection(ProjectConfigurationPlatforms) = postSolution
		{70682DF6-DBE9-4A7D-AD1B-EEA722B75241}.Debug|x64.ActiveCfg = Debug|x64
		{70682DF6-DBE9-4A7D-AD1B-EEA722B75241}.Debug|x64.Build.0 = Debug|x64
		{70682DF6-DBE9-4A7D-AD1B-EEA722B75241}.Debug|x86.ActiveCfg = Debug|Win32
		{70682DF6-DBE9-4A7D-AD1B-EEA722B75241}.Debug|x86.Build.0 = Debug|Win32
		{70682DF6-DBE9-4A7D-AD1B-EEA722B75241}.Release|x64.ActiveCfg = Release|x64
		{70682DF6-DBE9-4A7D-AD1B-EEA722B75241}.Release|x64.Build.0 = Release|x64
		{70682DF6-DBE9-4A7D-AD1B-EEA722B75241}.Release|x86.ActiveCfg = Release|Win32
		{70682DF6-DBE9-4A7D-AD1B-EEA722B75241}.Release|x86.Build.0 = Release|Win32
	EndGlobalSection
	GlobalSection(SolutionProperties) = preSolution
		HideSolutionNode = FALSE
	EndGlobalSection
	GlobalSection(ExtensibilityGlobals) = postSolution
		SolutionGuid = {424BD121-DD4E-4634-AD1E-29E407174217}
	EndGlobalSection
EndGlobal
